// !$*UTF8*$!
{
	archiveVersion = 1;
	classes = {
	};
	objectVersion = 55;
	objects = {

/* Begin PBXBuildFile section */
		797BFD712813EE290021F7AA /* AppDelegate.m in Sources */ = {isa = PBXBuildFile; fileRef = 797BFD702813EE290021F7AA /* AppDelegate.m */; };
		797BFD742813EE2A0021F7AA /* SceneDelegate.m in Sources */ = {isa = PBXBuildFile; fileRef = 797BFD732813EE2A0021F7AA /* SceneDelegate.m */; };
		797BFD772813EE2A0021F7AA /* ViewController.m in Sources */ = {isa = PBXBuildFile; fileRef = 797BFD762813EE2A0021F7AA /* ViewController.m */; };
		797BFD7A2813EE2A0021F7AA /* Main.storyboard in Resources */ = {isa = PBXBuildFile; fileRef = 797BFD782813EE2A0021F7AA /* Main.storyboard */; };
		797BFD7C2813EE2A0021F7AA /* Assets.xcassets in Resources */ = {isa = PBXBuildFile; fileRef = 797BFD7B2813EE2A0021F7AA /* Assets.xcassets */; };
		797BFD7F2813EE2A0021F7AA /* LaunchScreen.storyboard in Resources */ = {isa = PBXBuildFile; fileRef = 797BFD7D2813EE2A0021F7AA /* LaunchScreen.storyboard */; };
		797BFD822813EE2A0021F7AA /* main.m in Sources */ = {isa = PBXBuildFile; fileRef = 797BFD812813EE2A0021F7AA /* main.m */; };
		797BFD8C2813EE6D0021F7AA /* YLTools.m in Sources */ = {isa = PBXBuildFile; fileRef = 797BFD8B2813EE6D0021F7AA /* YLTools.m */; };
/* End PBXBuildFile section */

/* Begin PBXFileReference section */
		797BFD6C2813EE290021F7AA /* PodDemoPublic.app */ = {isa = PBXFileReference; explicitFileType = wrapper.application; includeInIndex = 0; path = PodDemoPublic.app; sourceTree = BUILT_PRODUCTS_DIR; };
		797BFD6F2813EE290021F7AA /* AppDelegate.h */ = {isa = PBXFileReference; lastKnownFileType = sourcecode.c.h; path = AppDelegate.h; sourceTree = "<group>"; };
		797BFD702813EE290021F7AA /* AppDelegate.m */ = {isa = PBXFileReference; lastKnownFileType = sourcecode.c.objc; path = AppDelegate.m; sourceTree = "<group>"; };
		797BFD722813EE2A0021F7AA /* SceneDelegate.h */ = {isa = PBXFileReference; lastKnownFileType = sourcecode.c.h; path = SceneDelegate.h; sourceTree = "<group>"; };
		797BFD732813EE2A0021F7AA /* SceneDelegate.m */ = {isa = PBXFileReference; lastKnownFileType = sourcecode.c.objc; path = SceneDelegate.m; sourceTree = "<group>"; };
		797BFD752813EE2A0021F7AA /* ViewController.h */ = {isa = PBXFileReference; lastKnownFileType = sourcecode.c.h; path = ViewController.h; sourceTree = "<group>"; };
		797BFD762813EE2A0021F7AA /* ViewController.m */ = {isa = PBXFileReference; lastKnownFileType = sourcecode.c.objc; path = ViewController.m; sourceTree = "<group>"; };
		797BFD792813EE2A0021F7AA /* Base */ = {isa = PBXFileReference; lastKnownFileType = file.storyboard; name = Base; path = Base.lproj/Main.storyboard; sourceTree = "<group>"; };
		797BFD7B2813EE2A0021F7AA /* Assets.xcassets */ = {isa = PBXFileReference; lastKnownFileType = folder.assetcatalog; path = Assets.xcassets; sourceTree = "<group>"; };
		797BFD7E2813EE2A0021F7AA /* Base */ = {isa = PBXFileReference; lastKnownFileType = file.storyboard; name = Base; path = Base.lproj/LaunchScreen.storyboard; sourceTree = "<group>"; };
		797BFD802813EE2A0021F7AA /* Info.plist */ = {isa = PBXFileReference; lastKnownFileType = text.plist.xml; path = Info.plist; sourceTree = "<group>"; };
		797BFD812813EE2A0021F7AA /* main.m */ = {isa = PBXFileReference; lastKnownFileType = sourcecode.c.objc; path = main.m; sourceTree = "<group>"; };
		797BFD8A2813EE6D0021F7AA /* YLTools.h */ = {isa = PBXFileReference; lastKnownFileType = sourcecode.c.h; path = YLTools.h; sourceTree = "<group>"; };
		797BFD8B2813EE6D0021F7AA /* YLTools.m */ = {isa = PBXFileReference; lastKnownFileType = sourcecode.c.objc; path = YLTools.m; sourceTree = "<group>"; };
/* End PBXFileReference section */

/* Begin PBXFrameworksBuildPhase section */
		797BFD692813EE290021F7AA /* Frameworks */ = {
			isa = PBXFrameworksBuildPhase;
			buildActionMask = 2147483647;
			files = (
			);
			runOnlyForDeploymentPostprocessing = 0;
		};
/* End PBXFrameworksBuildPhase section */

/* Begin PBXGroup section */
		797BFD632813EE290021F7AA = {
			isa = PBXGroup;
			children = (
				797BFD6E2813EE290021F7AA /* PodDemoPublic */,
				797BFD6D2813EE290021F7AA /* Products */,
			);
			sourceTree = "<group>";
		};
		797BFD6D2813EE290021F7AA /* Products */ = {
			isa = PBXGroup;
			children = (
				797BFD6C2813EE290021F7AA /* PodDemoPublic.app */,
			);
			name = Products;
			sourceTree = "<group>";
		};
		797BFD6E2813EE290021F7AA /* PodDemoPublic */ = {
			isa = PBXGroup;
			children = (
				797BFD6F2813EE290021F7AA /* AppDelegate.h */,
				797BFD702813EE290021F7AA /* AppDelegate.m */,
				797BFD722813EE2A0021F7AA /* SceneDelegate.h */,
				797BFD732813EE2A0021F7AA /* SceneDelegate.m */,
				797BFD752813EE2A0021F7AA /* ViewController.h */,
				797BFD762813EE2A0021F7AA /* ViewController.m */,
				797BFD782813EE2A0021F7AA /* Main.storyboard */,
				797BFD7B2813EE2A0021F7AA /* Assets.xcassets */,
				797BFD7D2813EE2A0021F7AA /* LaunchScreen.storyboard */,
				797BFD802813EE2A0021F7AA /* Info.plist */,
				797BFD812813EE2A0021F7AA /* main.m */,
				797BFD8A2813EE6D0021F7AA /* YLTools.h */,
				797BFD8B2813EE6D0021F7AA /* YLTools.m */,
			);
			path = PodDemoPublic;
			sourceTree = "<group>";
		};
/* End PBXGroup section */

/* Begin PBXNativeTarget section */
		797BFD6B2813EE290021F7AA /* PodDemoPublic */ = {
			isa = PBXNativeTarget;
			buildConfigurationList = 797BFD852813EE2A0021F7AA /* Build configuration list for PBXNativeTarget "PodDemoPublic" */;
			buildPhases = (
				797BFD682813EE290021F7AA /* Sources */,
				797BFD692813EE290021F7AA /* Frameworks */,
				797BFD6A2813EE290021F7AA /* Resources */,
			);
			buildRules = (
			);
			dependencies = (
			);
			name = PodDemoPublic;
			productName = PodDemoPublic;
			productReference = 797BFD6C2813EE290021F7AA /* PodDemoPublic.app */;
			productType = "com.apple.product-type.application";
		};
/* End PBXNativeTarget section */

/* Begin PBXProject section */
		797BFD642813EE290021F7AA /* Project object */ = {
			isa = PBXProject;
			attributes = {
				BuildIndependentTargetsInParallel = 1;
				LastUpgradeCheck = 1320;
				TargetAttributes = {
					797BFD6B2813EE290021F7AA = {
						CreatedOnToolsVersion = 13.2.1;
					};
				};
			};
			buildConfigurationList = 797BFD672813EE290021F7AA /* Build configuration list for PBXProject "PodDemoPublic" */;
			compatibilityVersion = "Xcode 13.0";
			developmentRegion = en;
			hasScannedForEncodings = 0;
			knownRegions = (
				en,
				Base,
			);
			mainGroup = 797BFD632813EE290021F7AA;
			productRefGroup = 797BFD6D2813EE290021F7AA /* Products */;
			projectDirPath = "";
			projectRoot = "";
			targets = (
				797BFD6B2813EE290021F7AA /* PodDemoPublic */,
			);
		};
/* End PBXProject section */

/* Begin PBXResourcesBuildPhase section */
		797BFD6A2813EE290021F7AA /* Resources */ = {
			isa = PBXResourcesBuildPhase;
			buildActionMask = 2147483647;
			files = (
				797BFD7F2813EE2A0021F7AA /* LaunchScreen.storyboard in Resources */,
				797BFD7C2813EE2A0021F7AA /* Assets.xcassets in Resources */,
				797BFD7A2813EE2A0021F7AA /* Main.storyboard in Resources */,
			);
			runOnlyForDeploymentPostprocessing = 0;
		};
/* End PBXResourcesBuildPhase section */

/* Begin PBXSourcesBuildPhase section */
		797BFD682813EE290021F7AA /* Sources */ = {
			isa = PBXSourcesBuildPhase;
			buildActionMask = 2147483647;
			files = (
				797BFD772813EE2A0021F7AA /* ViewController.m in Sources */,
				797BFD712813EE290021F7AA /* AppDelegate.m in Sources */,
				797BFD822813EE2A0021F7AA /* main.m in Sources */,
				797BFD742813EE2A0021F7AA /* SceneDelegate.m in Sources */,
				797BFD8C2813EE6D0021F7AA /* YLTools.m in Sources */,
			);
			runOnlyForDeploymentPostprocessing = 0;
		};
/* End PBXSourcesBuildPhase section */

/* Begin PBXVariantGroup section */
		797BFD782813EE2A0021F7AA /* Main.storyboard */ = {
			isa = PBXVariantGroup;
			children = (
				797BFD792813EE2A0021F7AA /* Base */,
			);
			name = Main.storyboard;
			sourceTree = "<group>";
		};
		797BFD7D2813EE2A0021F7AA /* LaunchScreen.storyboard */ = {
			isa = PBXVariantGroup;
			children = (
				797BFD7E2813EE2A0021F7AA /* Base */,
			);
			name = LaunchScreen.storyboard;
			sourceTree = "<group>";
		};
/* End PBXVariantGroup section */

/* Begin XCBuildConfiguration section */
		797BFD832813EE2A0021F7AA /* Debug */ = {
			isa = XCBuildConfiguration;
			buildSettings = {
				ALWAYS_SEARCH_USER_PATHS = NO;
				CLANG_ANALYZER_NONNULL = YES;
				CLANG_ANALYZER_NUMBER_OBJECT_CONVERSION = YES_AGGRESSIVE;
				CLANG_CXX_LANGUAGE_STANDARD = "gnu++17";
				CLANG_CXX_LIBRARY = "libc++";
				CLANG_ENABLE_MODULES = YES;
				CLANG_ENABLE_OBJC_ARC = YES;
				CLANG_ENABLE_OBJC_WEAK = YES;
				CLANG_WARN_BLOCK_CAPTURE_AUTORELEASING = YES;
				CLANG_WARN_BOOL_CONVERSION = YES;
				CLANG_WARN_COMMA = YES;
				CLANG_WARN_CONSTANT_CONVERSION = YES;
				CLANG_WARN_DEPRECATED_OBJC_IMPLEMENTATIONS = YES;
				CLANG_WARN_DIRECT_OBJC_ISA_USAGE = YES_ERROR;
				CLANG_WARN_DOCUMENTATION_COMMENTS = YES;
				CLANG_WARN_EMPTY_BODY = YES;
				CLANG_WARN_ENUM_CONVERSION = YES;
				CLANG_WARN_INFINITE_RECURSION = YES;
				CLANG_WARN_INT_CONVERSION = YES;
				CLANG_WARN_NON_LITERAL_NULL_CONVERSION = YES;
				CLANG_WARN_OBJC_IMPLICIT_RETAIN_SELF = YES;
				CLANG_WARN_OBJC_LITERAL_CONVERSION = YES;
				CLANG_WARN_OBJC_ROOT_CLASS = YES_ERROR;
				CLANG_WARN_QUOTED_INCLUDE_IN_FRAMEWORK_HEADER = YES;
				CLANG_WARN_RANGE_LOOP_ANALYSIS = YES;
				CLANG_WARN_STRICT_PROTOTYPES = YES;
				CLANG_WARN_SUSPICIOUS_MOVE = YES;
				CLANG_WARN_UNGUARDED_AVAILABILITY = YES_AGGRESSIVE;
				CLANG_WARN_UNREACHABLE_CODE = YES;
				CLANG_WARN__DUPLICATE_METHOD_MATCH = YES;
				COPY_PHASE_STRIP = NO;
				DEBUG_INFORMATION_FORMAT = dwarf;
				ENABLE_STRICT_OBJC_MSGSEND = YES;
				ENABLE_TESTABILITY = YES;
				GCC_C_LANGUAGE_STANDARD = gnu11;
				GCC_DYNAMIC_NO_PIC = NO;
				GCC_NO_COMMON_BLOCKS = YES;
				GCC_OPTIMIZATION_LEVEL = 0;
				GCC_PREPROCESSOR_DEFINITIONS = (
					"DEBUG=1",
					"$(inherited)",
				);
				GCC_WARN_64_TO_32_BIT_CONVERSION = YES;
				GCC_WARN_ABOUT_RETURN_TYPE = YES_ERROR;
				GCC_WARN_UNDECLARED_SELECTOR = YES;
				GCC_WARN_UNINITIALIZED_AUTOS = YES_AGGRESSIVE;
				GCC_WARN_UNUSED_FUNCTION = YES;
				GCC_WARN_UNUSED_VARIABLE = YES;
				IPHONEOS_DEPLOYMENT_TARGET = 15.2;
				MTL_ENABLE_DEBUG_INFO = INCLUDE_SOURCE;
				MTL_FAST_MATH = YES;
				ONLY_ACTIVE_ARCH = YES;
				SDKROOT = iphoneos;
			};
			name = Debug;
		};
		797BFD842813EE2A0021F7AA /* Release */ = {
			isa = XCBuildConfiguration;
			buildSettings = {
				ALWAYS_SEARCH_USER_PATHS = NO;
				CLANG_ANALYZER_NONNULL = YES;
				CLANG_ANALYZER_NUMBER_OBJECT_CONVERSION = YES_AGGRESSIVE;
				CLANG_CXX_LANGUAGE_STANDARD = "gnu++17";
				CLANG_CXX_LIBRARY = "libc++";
				CLANG_ENABLE_MODULES = YES;
				CLANG_ENABLE_OBJC_ARC = YES;
				CLANG_ENABLE_OBJC_WEAK = YES;
				CLANG_WARN_BLOCK_CAPTURE_AUTORELEASING = YES;
				CLANG_WARN_BOOL_CONVERSION = YES;
				CLANG_WARN_COMMA = YES;
				CLANG_WARN_CONSTANT_CONVERSION = YES;
				CLANG_WARN_DEPRECATED_OBJC_IMPLEMENTATIONS = YES;
				CLANG_WARN_DIRECT_OBJC_ISA_USAGE = YES_ERROR;
				CLANG_WARN_DOCUMENTATION_COMMENTS = YES;
				CLANG_WARN_EMPTY_BODY = YES;
				CLANG_WARN_ENUM_CONVERSION = YES;
				CLANG_WARN_INFINITE_RECURSION = YES;
				CLANG_WARN_INT_CONVERSION = YES;
				CLANG_WARN_NON_LITERAL_NULL_CONVERSION = YES;
				CLANG_WARN_OBJC_IMPLICIT_RETAIN_SELF = YES;
				CLANG_WARN_OBJC_LITERAL_CONVERSION = YES;
				CLANG_WARN_OBJC_ROOT_CLASS = YES_ERROR;
				CLANG_WARN_QUOTED_INCLUDE_IN_FRAMEWORK_HEADER = YES;
				CLANG_WARN_RANGE_LOOP_ANALYSIS = YES;
				CLANG_WARN_STRICT_PROTOTYPES = YES;
				CLANG_WARN_SUSPICIOUS_MOVE = YES;
				CLANG_WARN_UNGUARDED_AVAILABILITY = YES_AGGRESSIVE;
				CLANG_WARN_UNREACHABLE_CODE = YES;
				CLANG_WARN__DUPLICATE_METHOD_MATCH = YES;
				COPY_PHASE_STRIP = NO;
				DEBUG_INFORMATION_FORMAT = "dwarf-with-dsym";
				ENABLE_NS_ASSERTIONS = NO;
				ENABLE_STRICT_OBJC_MSGSEND = YES;
				GCC_C_LANGUAGE_STANDARD = gnu11;
				GCC_NO_COMMON_BLOCKS = YES;
				GCC_WARN_64_TO_32_BIT_CONVERSION = YES;
				GCC_WARN_ABOUT_RETURN_TYPE = YES_ERROR;
				GCC_WARN_UNDECLARED_SELECTOR = YES;
				GCC_WARN_UNINITIALIZED_AUTOS = YES_AGGRESSIVE;
				GCC_WARN_UNUSED_FUNCTION = YES;
				GCC_WARN_UNUSED_VARIABLE = YES;
				IPHONEOS_DEPLOYMENT_TARGET = 15.2;
				MTL_ENABLE_DEBUG_INFO = NO;
				MTL_FAST_MATH = YES;
				SDKROOT = iphoneos;
				VALIDATE_PRODUCT = YES;
			};
			name = Release;
		};
		797BFD862813EE2A0021F7AA /* Debug */ = {
			isa = XCBuildConfiguration;
			buildSettings = {
				ASSETCATALOG_COMPILER_APPICON_NAME = AppIcon;
				ASSETCATALOG_COMPILER_GLOBAL_ACCENT_COLOR_NAME = AccentColor;
				CODE_SIGN_STYLE = Automatic;
				CURRENT_PROJECT_VERSION = 1;
				DEVELOPMENT_TEAM = 2QTK5HPG42;
				GENERATE_INFOPLIST_FILE = YES;
				INFOPLIST_FILE = PodDemoPublic/Info.plist;
				INFOPLIST_KEY_UIApplicationSupportsIndirectInputEvents = YES;
				INFOPLIST_KEY_UILaunchStoryboardName = LaunchScreen;
				INFOPLIST_KEY_UIMainStoryboardFile = Main;
				INFOPLIST_KEY_UISupportedInterfaceOrientations_iPad = "UIInterfaceOrientationPortrait UIInterfaceOrientationPortraitUpsideDown UIInterfaceOrientationLandscapeLeft UIInterfaceOrientationLandscapeRight";
				INFOPLIST_KEY_UISupportedInterfaceOrientations_iPhone = "UIInterfaceOrientationPortrait UIInterfaceOrientationLandscapeLeft UIInterfaceOrientationLandscapeRight";
				LD_RUNPATH_SEARCH_PATHS = (
					"$(inherited)",
					"@executable_path/Frameworks",
				);
				MARKETING_VERSION = 1.0;
				PRODUCT_BUNDLE_IDENTIFIER = com.yl.PodDemoPublic;
				PRODUCT_NAME = "$(TARGET_NAME)";
				SWIFT_EMIT_LOC_STRINGS = YES;
				TARGETED_DEVICE_FAMILY = "1,2";
			};
			name = Debug;
		};
		797BFD872813EE2A0021F7AA /* Release */ = {
			isa = XCBuildConfiguration;
			buildSettings = {
				ASSETCATALOG_COMPILER_APPICON_NAME = AppIcon;
				ASSETCATALOG_COMPILER_GLOBAL_ACCENT_COLOR_NAME = AccentColor;
				CODE_SIGN_STYLE = Automatic;
				CURRENT_PROJECT_VERSION = 1;
				DEVELOPMENT_TEAM = 2QTK5HPG42;
				GENERATE_INFOPLIST_FILE = YES;
				INFOPLIST_FILE = PodDemoPublic/Info.plist;
				INFOPLIST_KEY_UIApplicationSupportsIndirectInputEvents = YES;
				INFOPLIST_KEY_UILaunchStoryboardName = LaunchScreen;
				INFOPLIST_KEY_UIMainStoryboardFile = Main;
				INFOPLIST_KEY_UISupportedInterfaceOrientations_iPad = "UIInterfaceOrientationPortrait UIInterfaceOrientationPortraitUpsideDown UIInterfaceOrientationLandscapeLeft UIInterfaceOrientationLandscapeRight";
				INFOPLIST_KEY_UISupportedInterfaceOrientations_iPhone = "UIInterfaceOrientationPortrait UIInterfaceOrientationLandscapeLeft UIInterfaceOrientationLandscapeRight";
				LD_RUNPATH_SEARCH_PATHS = (
					"$(inherited)",
					"@executable_path/Frameworks",
				);
				MARKETING_VERSION = 1.0;
				PRODUCT_BUNDLE_IDENTIFIER = com.yl.PodDemoPublic;
				PRODUCT_NAME = "$(TARGET_NAME)";
				SWIFT_EMIT_LOC_STRINGS = YES;
				TARGETED_DEVICE_FAMILY = "1,2";
			};
			name = Release;
		};
/* End XCBuildConfiguration section */

/* Begin XCConfigurationList section */
		797BFD672813EE290021F7AA /* Build configuration list for PBXProject "PodDemoPublic" */ = {
			isa = XCConfigurationList;
			buildConfigurations = (
				797BFD832813EE2A0021F7AA /* Debug */,
				797BFD842813EE2A0021F7AA /* Release */,
			);
			defaultConfigurationIsVisible = 0;
			defaultConfigurationName = Release;
		};
		797BFD852813EE2A0021F7AA /* Build configuration list for PBXNativeTarget "PodDemoPublic" */ = {
			isa = XCConfigurationList;
			buildConfigurations = (
				797BFD862813EE2A0021F7AA /* Debug */,
				797BFD872813EE2A0021F7AA /* Release */,
			);
			defaultConfigurationIsVisible = 0;
			defaultConfigurationName = Release;
		};
/* End XCConfigurationList section */
	};
	rootObject = 797BFD642813EE290021F7AA /* Project object */;
}
